// !$*UTF8*$!
{
	archiveVersion = 1;
	classes = {
	};
	objectVersion = 48;
	objects = {

/* Begin PBXBuildFile section */
		2D1D5E4C1FD5B80A0065EA76 /* HomeCell.swift in Sources */ = {isa = PBXBuildFile; fileRef = 2D1D5E4A1FD5B80A0065EA76 /* HomeCell.swift */; };
		2D1D5E4D1FD5B80A0065EA76 /* HomeCell.xib in Resources */ = {isa = PBXBuildFile; fileRef = 2D1D5E4B1FD5B80A0065EA76 /* HomeCell.xib */; };
		2D1E98F1201F96C900C48345 /* PhoneContacts.swift in Sources */ = {isa = PBXBuildFile; fileRef = 2D1E98F0201F96C900C48345 /* PhoneContacts.swift */; };
		2D3FFDE02009ECBD001EDA47 /* Info.strings in Resources */ = {isa = PBXBuildFile; fileRef = 2D3FFDE22009ECBD001EDA47 /* Info.strings */; };
		2D3FFDE6200A0440001EDA47 /* LoanSteps.strings in Resources */ = {isa = PBXBuildFile; fileRef = 2D3FFDE5200A0440001EDA47 /* LoanSteps.strings */; };
		2D43DE501FD2505000DA9818 /* AppDelegate.swift in Sources */ = {isa = PBXBuildFile; fileRef = 2D43DE4F1FD2505000DA9818 /* AppDelegate.swift */; };
		2D43DE521FD2505000DA9818 /* ViewController.swift in Sources */ = {isa = PBXBuildFile; fileRef = 2D43DE511FD2505000DA9818 /* ViewController.swift */; };
		2D43DE551FD2505000DA9818 /* Main.storyboard in Resources */ = {isa = PBXBuildFile; fileRef = 2D43DE531FD2505000DA9818 /* Main.storyboard */; };
		2D43DE5A1FD2505000DA9818 /* LaunchScreen.storyboard in Resources */ = {isa = PBXBuildFile; fileRef = 2D43DE581FD2505000DA9818 /* LaunchScreen.storyboard */; };
		2D5D598320022B69009ADDE7 /* DesignableView.swift in Sources */ = {isa = PBXBuildFile; fileRef = 2D5D598220022B69009ADDE7 /* DesignableView.swift */; };
		2D5D598920051FB0009ADDE7 /* Info.strings in Resources */ = {isa = PBXBuildFile; fileRef = 2D5D598820051FB0009ADDE7 /* Info.strings */; };
		2D62E0AE200666AC00474ECD /* SlideContaierVC.swift in Sources */ = {isa = PBXBuildFile; fileRef = 2D62E0AC200666AB00474ECD /* SlideContaierVC.swift */; };
		2D62E0AF200666AC00474ECD /* SlideMenuVC.swift in Sources */ = {isa = PBXBuildFile; fileRef = 2D62E0AD200666AC00474ECD /* SlideMenuVC.swift */; };
		2D8644FD1FF80B8300630978 /* CameraHandler.swift in Sources */ = {isa = PBXBuildFile; fileRef = 2D8644FC1FF80B8300630978 /* CameraHandler.swift */; };
		2D886F1B1FE67FF40078631D /* DesignableSlider.swift in Sources */ = {isa = PBXBuildFile; fileRef = 2D886F1A1FE67FF40078631D /* DesignableSlider.swift */; };
		2D886F1D1FE682C30078631D /* Assets.xcassets in Resources */ = {isa = PBXBuildFile; fileRef = 2D886F1C1FE682C20078631D /* Assets.xcassets */; };
		2D886F201FE690870078631D /* AboutMicroMoney.swift in Sources */ = {isa = PBXBuildFile; fileRef = 2D886F1F1FE690870078631D /* AboutMicroMoney.swift */; };
		2D886F221FE690F90078631D /* FinancialLiteracy.swift in Sources */ = {isa = PBXBuildFile; fileRef = 2D886F211FE690F90078631D /* FinancialLiteracy.swift */; };
		2D886F241FE691170078631D /* ApplyOnline.swift in Sources */ = {isa = PBXBuildFile; fileRef = 2D886F231FE691170078631D /* ApplyOnline.swift */; };
		2D886F261FE691270078631D /* Prolongation.swift in Sources */ = {isa = PBXBuildFile; fileRef = 2D886F251FE691270078631D /* Prolongation.swift */; };
		2D886F281FE6914D0078631D /* CashRepayment.swift in Sources */ = {isa = PBXBuildFile; fileRef = 2D886F271FE6914D0078631D /* CashRepayment.swift */; };
		2D886F2A1FE691590078631D /* FAQs.swift in Sources */ = {isa = PBXBuildFile; fileRef = 2D886F291FE691590078631D /* FAQs.swift */; };
		2D886F2C1FE6916C0078631D /* ContactUs.swift in Sources */ = {isa = PBXBuildFile; fileRef = 2D886F2B1FE6916C0078631D /* ContactUs.swift */; };
		2D886F2E1FE691830078631D /* Carrers.swift in Sources */ = {isa = PBXBuildFile; fileRef = 2D886F2D1FE691830078631D /* Carrers.swift */; };
		2D886F301FE6918E0078631D /* TokenSale.swift in Sources */ = {isa = PBXBuildFile; fileRef = 2D886F2F1FE6918E0078631D /* TokenSale.swift */; };
		2D886F371FE6B36B0078631D /* AboutFirstSectionCell.swift in Sources */ = {isa = PBXBuildFile; fileRef = 2D886F351FE6B36B0078631D /* AboutFirstSectionCell.swift */; };
		2D886F381FE6B36B0078631D /* AboutFirstSectionCell.xib in Resources */ = {isa = PBXBuildFile; fileRef = 2D886F361FE6B36B0078631D /* AboutFirstSectionCell.xib */; };
		2D886F3B1FE6B3840078631D /* AboutSecondSectionCell.swift in Sources */ = {isa = PBXBuildFile; fileRef = 2D886F391FE6B3840078631D /* AboutSecondSectionCell.swift */; };
		2D886F3C1FE6B3840078631D /* AboutSecondSectionCell.xib in Resources */ = {isa = PBXBuildFile; fileRef = 2D886F3A1FE6B3840078631D /* AboutSecondSectionCell.xib */; };
		2D886F3F1FE6B3990078631D /* AboutThirdSectionCell.swift in Sources */ = {isa = PBXBuildFile; fileRef = 2D886F3D1FE6B3990078631D /* AboutThirdSectionCell.swift */; };
		2D886F401FE6B3990078631D /* AboutThirdSectionCell.xib in Resources */ = {isa = PBXBuildFile; fileRef = 2D886F3E1FE6B3990078631D /* AboutThirdSectionCell.xib */; };
		2D99D9541FEFC45600827F62 /* User.swift in Sources */ = {isa = PBXBuildFile; fileRef = 2D99D9531FEFC45600827F62 /* User.swift */; };
		2D99D9561FF0069D00827F62 /* Utlities.swift in Sources */ = {isa = PBXBuildFile; fileRef = 2D99D9551FF0069D00827F62 /* Utlities.swift */; };
		2DA1E2B01FD7A72200D5B73F /* LoanStepCell.swift in Sources */ = {isa = PBXBuildFile; fileRef = 2DA1E2AE1FD7A72200D5B73F /* LoanStepCell.swift */; };
		2DA1E2B11FD7A72200D5B73F /* LoanStepCell.xib in Resources */ = {isa = PBXBuildFile; fileRef = 2DA1E2AF1FD7A72200D5B73F /* LoanStepCell.xib */; };
		2DA1E2B61FD7A78200D5B73F /* LoanAdvanceCell.swift in Sources */ = {isa = PBXBuildFile; fileRef = 2DA1E2B41FD7A78200D5B73F /* LoanAdvanceCell.swift */; };
		2DA1E2B71FD7A78200D5B73F /* LoanAdvanceCell.xib in Resources */ = {isa = PBXBuildFile; fileRef = 2DA1E2B51FD7A78200D5B73F /* LoanAdvanceCell.xib */; };
		2DA1E2B91FD7AC1C00D5B73F /* InfoViewController.swift in Sources */ = {isa = PBXBuildFile; fileRef = 2DA1E2B81FD7AC1C00D5B73F /* InfoViewController.swift */; };
		2DA1E2BC1FD7FC1A00D5B73F /* LoanHeaderView.swift in Sources */ = {isa = PBXBuildFile; fileRef = 2DA1E2BA1FD7FC1A00D5B73F /* LoanHeaderView.swift */; };
		2DA1E2BD1FD7FC1A00D5B73F /* LoanHeaderView.xib in Resources */ = {isa = PBXBuildFile; fileRef = 2DA1E2BB1FD7FC1A00D5B73F /* LoanHeaderView.xib */; };
		2DA1E2BF1FD83E1600D5B73F /* Extensions.swift in Sources */ = {isa = PBXBuildFile; fileRef = 2DA1E2BE1FD83E1600D5B73F /* Extensions.swift */; };
		2DA1E2C11FD84B6400D5B73F /* MenuTableVC.swift in Sources */ = {isa = PBXBuildFile; fileRef = 2DA1E2C01FD84B6400D5B73F /* MenuTableVC.swift */; };
		2DA1E2C41FD84CAC00D5B73F /* MenuCell.swift in Sources */ = {isa = PBXBuildFile; fileRef = 2DA1E2C31FD84CAC00D5B73F /* MenuCell.swift */; };
		2DA1E2C61FD850B300D5B73F /* HomeViewController.swift in Sources */ = {isa = PBXBuildFile; fileRef = 2DA1E2C51FD850B300D5B73F /* HomeViewController.swift */; };
		2DA1E2C91FD8577300D5B73F /* WebViewController.swift in Sources */ = {isa = PBXBuildFile; fileRef = 2DA1E2C81FD8577300D5B73F /* WebViewController.swift */; };
		2DAA258F1FE2D34B006D7DEB /* PersonalInfoVC.swift in Sources */ = {isa = PBXBuildFile; fileRef = 2DAA258E1FE2D34B006D7DEB /* PersonalInfoVC.swift */; };
		2DAA25911FE2DA50006D7DEB /* EmploymentInfoVC.swift in Sources */ = {isa = PBXBuildFile; fileRef = 2DAA25901FE2DA50006D7DEB /* EmploymentInfoVC.swift */; };
		2DAA25931FE2DA83006D7DEB /* AdditionalInfoVC.swift in Sources */ = {isa = PBXBuildFile; fileRef = 2DAA25921FE2DA83006D7DEB /* AdditionalInfoVC.swift */; };
		2DAA25951FE2DA93006D7DEB /* GettingMoneyVC.swift in Sources */ = {isa = PBXBuildFile; fileRef = 2DAA25941FE2DA93006D7DEB /* GettingMoneyVC.swift */; };
		2DAA25971FE2DAA2006D7DEB /* DocumentScanVC.swift in Sources */ = {isa = PBXBuildFile; fileRef = 2DAA25961FE2DAA2006D7DEB /* DocumentScanVC.swift */; };
		2DAA25991FE2DAB8006D7DEB /* FinishedVC.swift in Sources */ = {isa = PBXBuildFile; fileRef = 2DAA25981FE2DAB8006D7DEB /* FinishedVC.swift */; };
		2DAE3037200B058B002542C5 /* home.html in Resources */ = {isa = PBXBuildFile; fileRef = 2DAE3036200B058B002542C5 /* home.html */; };
		2DAE3039200B0C63002542C5 /* apply-for-loan.html in Resources */ = {isa = PBXBuildFile; fileRef = 2DAE3038200B0C62002542C5 /* apply-for-loan.html */; };
		2DAE303C200B10B0002542C5 /* JUNEBUG.TTF in Resources */ = {isa = PBXBuildFile; fileRef = 2DAE303B200B10B0002542C5 /* JUNEBUG.TTF */; };
		2DAE303E200B1263002542C5 /* about.html in Resources */ = {isa = PBXBuildFile; fileRef = 2DAE303D200B1262002542C5 /* about.html */; };
		2DAE3044200B175D002542C5 /* about_mm.html in Resources */ = {isa = PBXBuildFile; fileRef = 2DAE3043200B175D002542C5 /* about_mm.html */; };
		2DAE3046200B351C002542C5 /* financialliteracy.html in Resources */ = {isa = PBXBuildFile; fileRef = 2DAE3045200B351C002542C5 /* financialliteracy.html */; };
		2DAE3048200B3953002542C5 /* html.strings in Resources */ = {isa = PBXBuildFile; fileRef = 2DAE3047200B3953002542C5 /* html.strings */; };
		2DAE304C200B6EB5002542C5 /* apply-for-loan_mm.html in Resources */ = {isa = PBXBuildFile; fileRef = 2DAE304B200B6EB5002542C5 /* apply-for-loan_mm.html */; };
		2DAE304F200B7987002542C5 /* prolongation_mm.html in Resources */ = {isa = PBXBuildFile; fileRef = 2DAE304D200B7986002542C5 /* prolongation_mm.html */; };
		2DAE3050200B7987002542C5 /* prolongation.html in Resources */ = {isa = PBXBuildFile; fileRef = 2DAE304E200B7987002542C5 /* prolongation.html */; };
		2DAE3053200B7C0A002542C5 /* loan-repayment_mm.html in Resources */ = {isa = PBXBuildFile; fileRef = 2DAE3051200B7C09002542C5 /* loan-repayment_mm.html */; };
		2DAE3054200B7C0A002542C5 /* loan-repayment.html in Resources */ = {isa = PBXBuildFile; fileRef = 2DAE3052200B7C09002542C5 /* loan-repayment.html */; };
		2DAE3057200B7D5F002542C5 /* faq.html in Resources */ = {isa = PBXBuildFile; fileRef = 2DAE3055200B7D5E002542C5 /* faq.html */; };
		2DAE3058200B7D5F002542C5 /* faq_mm.html in Resources */ = {isa = PBXBuildFile; fileRef = 2DAE3056200B7D5F002542C5 /* faq_mm.html */; };
		2DAE305B200B7EB0002542C5 /* contact-us_mm.html in Resources */ = {isa = PBXBuildFile; fileRef = 2DAE3059200B7EAF002542C5 /* contact-us_mm.html */; };
		2DAE305C200B7EB0002542C5 /* contact-us.html in Resources */ = {isa = PBXBuildFile; fileRef = 2DAE305A200B7EB0002542C5 /* contact-us.html */; };
		2DAE305F200B7FEB002542C5 /* career.html in Resources */ = {isa = PBXBuildFile; fileRef = 2DAE305D200B7FEA002542C5 /* career.html */; };
		2DAE3060200B7FEB002542C5 /* career_mm.html in Resources */ = {isa = PBXBuildFile; fileRef = 2DAE305E200B7FEA002542C5 /* career_mm.html */; };
		2DAE3062200B8123002542C5 /* investors.html in Resources */ = {isa = PBXBuildFile; fileRef = 2DAE3061200B8123002542C5 /* investors.html */; };
		2DBB959E20052F010020FC41 /* Localizable.strings in Resources */ = {isa = PBXBuildFile; fileRef = 2DBB95A020052F010020FC41 /* Localizable.strings */; };
		2DBB95A3200530940020FC41 /* Zawgyi.ttf in Resources */ = {isa = PBXBuildFile; fileRef = 2DBB95A22005304E0020FC41 /* Zawgyi.ttf */; };
		2DBB95A4200531850020FC41 /* Info.storyboard in Resources */ = {isa = PBXBuildFile; fileRef = 2DBB95A6200531850020FC41 /* Info.storyboard */; };
		2DCCA2B21FE4CDD4002F40E7 /* APIConstants.swift in Sources */ = {isa = PBXBuildFile; fileRef = 2DCCA2B11FE4CDD4002F40E7 /* APIConstants.swift */; };
		2DCCA2B41FE4CDE1002F40E7 /* APIManager.swift in Sources */ = {isa = PBXBuildFile; fileRef = 2DCCA2B31FE4CDE1002F40E7 /* APIManager.swift */; };
		8364191B6DB85D19595EC247 /* Pods_MicroMoney.framework in Frameworks */ = {isa = PBXBuildFile; fileRef = A868F5C77F0E3F251E344B49 /* Pods_MicroMoney.framework */; };
/* End PBXBuildFile section */

/* Begin PBXFileReference section */
		20E378444B4CA215F80852D7 /* Pods-MicroMoney.release.xcconfig */ = {isa = PBXFileReference; includeInIndex = 1; lastKnownFileType = text.xcconfig; name = "Pods-MicroMoney.release.xcconfig"; path = "Pods/Target Support Files/Pods-MicroMoney/Pods-MicroMoney.release.xcconfig"; sourceTree = "<group>"; };
		2D1D5E4A1FD5B80A0065EA76 /* HomeCell.swift */ = {isa = PBXFileReference; lastKnownFileType = sourcecode.swift; path = HomeCell.swift; sourceTree = "<group>"; };
		2D1D5E4B1FD5B80A0065EA76 /* HomeCell.xib */ = {isa = PBXFileReference; lastKnownFileType = file.xib; path = HomeCell.xib; sourceTree = "<group>"; };
		2D1E98F0201F96C900C48345 /* PhoneContacts.swift */ = {isa = PBXFileReference; fileEncoding = 4; lastKnownFileType = sourcecode.swift; path = PhoneContacts.swift; sourceTree = "<group>"; };
		2D330F6A201C79A900A5D187 /* th */ = {isa = PBXFileReference; lastKnownFileType = text.plist.strings; name = th; path = th.lproj/Main.strings; sourceTree = "<group>"; };
		2D330F6B201C79A900A5D187 /* th */ = {isa = PBXFileReference; lastKnownFileType = text.plist.strings; name = th; path = th.lproj/LaunchScreen.strings; sourceTree = "<group>"; };
		2D330F6C201C79A900A5D187 /* th */ = {isa = PBXFileReference; lastKnownFileType = text.plist.strings; name = th; path = th.lproj/Info.strings; sourceTree = "<group>"; };
		2D330F6D201C79A900A5D187 /* th */ = {isa = PBXFileReference; lastKnownFileType = text.plist.strings; name = th; path = th.lproj/Localizable.strings; sourceTree = "<group>"; };
		2D330F6E201C79C700A5D187 /* id */ = {isa = PBXFileReference; lastKnownFileType = text.plist.strings; name = id; path = id.lproj/Main.strings; sourceTree = "<group>"; };
		2D330F6F201C79C700A5D187 /* id */ = {isa = PBXFileReference; lastKnownFileType = text.plist.strings; name = id; path = id.lproj/LaunchScreen.strings; sourceTree = "<group>"; };
		2D330F70201C79C800A5D187 /* id */ = {isa = PBXFileReference; lastKnownFileType = text.plist.strings; name = id; path = id.lproj/Info.strings; sourceTree = "<group>"; };
		2D330F71201C79C800A5D187 /* id */ = {isa = PBXFileReference; lastKnownFileType = text.plist.strings; name = id; path = id.lproj/Localizable.strings; sourceTree = "<group>"; };
		2D330F72201C7AAC00A5D187 /* ta-LK */ = {isa = PBXFileReference; lastKnownFileType = text.plist.strings; name = "ta-LK"; path = "ta-LK.lproj/Main.strings"; sourceTree = "<group>"; };
		2D330F73201C7AAC00A5D187 /* ta-LK */ = {isa = PBXFileReference; lastKnownFileType = text.plist.strings; name = "ta-LK"; path = "ta-LK.lproj/LaunchScreen.strings"; sourceTree = "<group>"; };
		2D330F74201C7AAD00A5D187 /* ta-LK */ = {isa = PBXFileReference; lastKnownFileType = text.plist.strings; name = "ta-LK"; path = "ta-LK.lproj/Info.strings"; sourceTree = "<group>"; };
		2D330F75201C7AAD00A5D187 /* ta-LK */ = {isa = PBXFileReference; lastKnownFileType = text.plist.strings; name = "ta-LK"; path = "ta-LK.lproj/Localizable.strings"; sourceTree = "<group>"; };
		2D330F7A201CC6A600A5D187 /* yo-NG */ = {isa = PBXFileReference; lastKnownFileType = text.plist.strings; name = "yo-NG"; path = "yo-NG.lproj/Main.strings"; sourceTree = "<group>"; };
		2D330F7B201CC6A700A5D187 /* yo-NG */ = {isa = PBXFileReference; lastKnownFileType = text.plist.strings; name = "yo-NG"; path = "yo-NG.lproj/LaunchScreen.strings"; sourceTree = "<group>"; };
		2D330F7C201CC6A700A5D187 /* yo-NG */ = {isa = PBXFileReference; lastKnownFileType = text.plist.strings; name = "yo-NG"; path = "yo-NG.lproj/Info.strings"; sourceTree = "<group>"; };
		2D330F7D201CC6A700A5D187 /* yo-NG */ = {isa = PBXFileReference; lastKnownFileType = text.plist.strings; name = "yo-NG"; path = "yo-NG.lproj/Localizable.strings"; sourceTree = "<group>"; };
		2D3FFDE12009ECBD001EDA47 /* en */ = {isa = PBXFileReference; lastKnownFileType = text.plist.strings; name = en; path = en.lproj/Info.strings; sourceTree = "<group>"; };
		2D3FFDE42009ED87001EDA47 /* my */ = {isa = PBXFileReference; lastKnownFileType = text.plist.strings; name = my; path = my.lproj/Info.strings; sourceTree = "<group>"; };
		2D3FFDE5200A0440001EDA47 /* LoanSteps.strings */ = {isa = PBXFileReference; lastKnownFileType = text.plist.strings; path = LoanSteps.strings; sourceTree = "<group>"; };
		2D43DE4C1FD2505000DA9818 /* MicroMoney.app */ = {isa = PBXFileReference; explicitFileType = wrapper.application; includeInIndex = 0; path = MicroMoney.app; sourceTree = BUILT_PRODUCTS_DIR; };
		2D43DE4F1FD2505000DA9818 /* AppDelegate.swift */ = {isa = PBXFileReference; lastKnownFileType = sourcecode.swift; path = AppDelegate.swift; sourceTree = "<group>"; };
		2D43DE511FD2505000DA9818 /* ViewController.swift */ = {isa = PBXFileReference; lastKnownFileType = sourcecode.swift; path = ViewController.swift; sourceTree = "<group>"; };
		2D43DE541FD2505000DA9818 /* Base */ = {isa = PBXFileReference; lastKnownFileType = file.storyboard; name = Base; path = Base.lproj/Main.storyboard; sourceTree = "<group>"; };
		2D43DE591FD2505000DA9818 /* Base */ = {isa = PBXFileReference; lastKnownFileType = file.storyboard; name = Base; path = Base.lproj/LaunchScreen.storyboard; sourceTree = "<group>"; };
		2D43DE5B1FD2505000DA9818 /* Info.plist */ = {isa = PBXFileReference; lastKnownFileType = text.plist.xml; path = Info.plist; sourceTree = "<group>"; };
		2D5D598220022B69009ADDE7 /* DesignableView.swift */ = {isa = PBXFileReference; lastKnownFileType = sourcecode.swift; path = DesignableView.swift; sourceTree = "<group>"; };
		2D5D59842003D501009ADDE7 /* my */ = {isa = PBXFileReference; lastKnownFileType = text.plist.strings; name = my; path = my.lproj/Main.strings; sourceTree = "<group>"; };
		2D5D59852003D501009ADDE7 /* my */ = {isa = PBXFileReference; lastKnownFileType = text.plist.strings; name = my; path = my.lproj/LaunchScreen.strings; sourceTree = "<group>"; };
		2D5D598820051FB0009ADDE7 /* Info.strings */ = {isa = PBXFileReference; lastKnownFileType = text.plist.strings; path = Info.strings; sourceTree = "<group>"; };
		2D62E0AC200666AB00474ECD /* SlideContaierVC.swift */ = {isa = PBXFileReference; fileEncoding = 4; lastKnownFileType = sourcecode.swift; path = SlideContaierVC.swift; sourceTree = "<group>"; };
		2D62E0AD200666AC00474ECD /* SlideMenuVC.swift */ = {isa = PBXFileReference; fileEncoding = 4; lastKnownFileType = sourcecode.swift; path = SlideMenuVC.swift; sourceTree = "<group>"; };
		2D642BC1203B38320035C18D /* fil */ = {isa = PBXFileReference; lastKnownFileType = text.plist.strings; name = fil; path = fil.lproj/Main.strings; sourceTree = "<group>"; };
		2D642BC2203B38320035C18D /* fil */ = {isa = PBXFileReference; lastKnownFileType = text.plist.strings; name = fil; path = fil.lproj/LaunchScreen.strings; sourceTree = "<group>"; };
		2D642BC3203B38320035C18D /* fil */ = {isa = PBXFileReference; lastKnownFileType = text.plist.strings; name = fil; path = fil.lproj/Info.strings; sourceTree = "<group>"; };
		2D642BC4203B38330035C18D /* fil */ = {isa = PBXFileReference; lastKnownFileType = text.plist.strings; name = fil; path = fil.lproj/Localizable.strings; sourceTree = "<group>"; };
		2D8644FC1FF80B8300630978 /* CameraHandler.swift */ = {isa = PBXFileReference; lastKnownFileType = sourcecode.swift; path = CameraHandler.swift; sourceTree = "<group>"; };
		2D886F1A1FE67FF40078631D /* DesignableSlider.swift */ = {isa = PBXFileReference; lastKnownFileType = sourcecode.swift; path = DesignableSlider.swift; sourceTree = "<group>"; };
		2D886F1C1FE682C20078631D /* Assets.xcassets */ = {isa = PBXFileReference; lastKnownFileType = folder.assetcatalog; path = Assets.xcassets; sourceTree = "<group>"; };
		2D886F1F1FE690870078631D /* AboutMicroMoney.swift */ = {isa = PBXFileReference; lastKnownFileType = sourcecode.swift; path = AboutMicroMoney.swift; sourceTree = "<group>"; };
		2D886F211FE690F90078631D /* FinancialLiteracy.swift */ = {isa = PBXFileReference; lastKnownFileType = sourcecode.swift; path = FinancialLiteracy.swift; sourceTree = "<group>"; };
		2D886F231FE691170078631D /* ApplyOnline.swift */ = {isa = PBXFileReference; lastKnownFileType = sourcecode.swift; path = ApplyOnline.swift; sourceTree = "<group>"; };
		2D886F251FE691270078631D /* Prolongation.swift */ = {isa = PBXFileReference; lastKnownFileType = sourcecode.swift; path = Prolongation.swift; sourceTree = "<group>"; };
		2D886F271FE6914D0078631D /* CashRepayment.swift */ = {isa = PBXFileReference; lastKnownFileType = sourcecode.swift; path = CashRepayment.swift; sourceTree = "<group>"; };
		2D886F291FE691590078631D /* FAQs.swift */ = {isa = PBXFileReference; lastKnownFileType = sourcecode.swift; path = FAQs.swift; sourceTree = "<group>"; };
		2D886F2B1FE6916C0078631D /* ContactUs.swift */ = {isa = PBXFileReference; lastKnownFileType = sourcecode.swift; path = ContactUs.swift; sourceTree = "<group>"; };
		2D886F2D1FE691830078631D /* Carrers.swift */ = {isa = PBXFileReference; lastKnownFileType = sourcecode.swift; path = Carrers.swift; sourceTree = "<group>"; };
		2D886F2F1FE6918E0078631D /* TokenSale.swift */ = {isa = PBXFileReference; lastKnownFileType = sourcecode.swift; path = TokenSale.swift; sourceTree = "<group>"; };
		2D886F351FE6B36B0078631D /* AboutFirstSectionCell.swift */ = {isa = PBXFileReference; lastKnownFileType = sourcecode.swift; path = AboutFirstSectionCell.swift; sourceTree = "<group>"; };
		2D886F361FE6B36B0078631D /* AboutFirstSectionCell.xib */ = {isa = PBXFileReference; lastKnownFileType = file.xib; path = AboutFirstSectionCell.xib; sourceTree = "<group>"; };
		2D886F391FE6B3840078631D /* AboutSecondSectionCell.swift */ = {isa = PBXFileReference; lastKnownFileType = sourcecode.swift; path = AboutSecondSectionCell.swift; sourceTree = "<group>"; };
		2D886F3A1FE6B3840078631D /* AboutSecondSectionCell.xib */ = {isa = PBXFileReference; lastKnownFileType = file.xib; path = AboutSecondSectionCell.xib; sourceTree = "<group>"; };
		2D886F3D1FE6B3990078631D /* AboutThirdSectionCell.swift */ = {isa = PBXFileReference; lastKnownFileType = sourcecode.swift; path = AboutThirdSectionCell.swift; sourceTree = "<group>"; };
		2D886F3E1FE6B3990078631D /* AboutThirdSectionCell.xib */ = {isa = PBXFileReference; lastKnownFileType = file.xib; path = AboutThirdSectionCell.xib; sourceTree = "<group>"; };
		2D99D9531FEFC45600827F62 /* User.swift */ = {isa = PBXFileReference; lastKnownFileType = sourcecode.swift; path = User.swift; sourceTree = "<group>"; };
		2D99D9551FF0069D00827F62 /* Utlities.swift */ = {isa = PBXFileReference; lastKnownFileType = sourcecode.swift; path = Utlities.swift; sourceTree = "<group>"; };
		2DA1E2AE1FD7A72200D5B73F /* LoanStepCell.swift */ = {isa = PBXFileReference; lastKnownFileType = sourcecode.swift; path = LoanStepCell.swift; sourceTree = "<group>"; };
		2DA1E2AF1FD7A72200D5B73F /* LoanStepCell.xib */ = {isa = PBXFileReference; lastKnownFileType = file.xib; path = LoanStepCell.xib; sourceTree = "<group>"; };
		2DA1E2B41FD7A78200D5B73F /* LoanAdvanceCell.swift */ = {isa = PBXFileReference; lastKnownFileType = sourcecode.swift; path = LoanAdvanceCell.swift; sourceTree = "<group>"; };
		2DA1E2B51FD7A78200D5B73F /* LoanAdvanceCell.xib */ = {isa = PBXFileReference; lastKnownFileType = file.xib; path = LoanAdvanceCell.xib; sourceTree = "<group>"; };
		2DA1E2B81FD7AC1C00D5B73F /* InfoViewController.swift */ = {isa = PBXFileReference; lastKnownFileType = sourcecode.swift; path = InfoViewController.swift; sourceTree = "<group>"; };
		2DA1E2BA1FD7FC1A00D5B73F /* LoanHeaderView.swift */ = {isa = PBXFileReference; lastKnownFileType = sourcecode.swift; path = LoanHeaderView.swift; sourceTree = "<group>"; };
		2DA1E2BB1FD7FC1A00D5B73F /* LoanHeaderView.xib */ = {isa = PBXFileReference; lastKnownFileType = file.xib; path = LoanHeaderView.xib; sourceTree = "<group>"; };
		2DA1E2BE1FD83E1600D5B73F /* Extensions.swift */ = {isa = PBXFileReference; lastKnownFileType = sourcecode.swift; path = Extensions.swift; sourceTree = "<group>"; };
		2DA1E2C01FD84B6400D5B73F /* MenuTableVC.swift */ = {isa = PBXFileReference; lastKnownFileType = sourcecode.swift; path = MenuTableVC.swift; sourceTree = "<group>"; };
		2DA1E2C31FD84CAC00D5B73F /* MenuCell.swift */ = {isa = PBXFileReference; lastKnownFileType = sourcecode.swift; path = MenuCell.swift; sourceTree = "<group>"; };
		2DA1E2C51FD850B300D5B73F /* HomeViewController.swift */ = {isa = PBXFileReference; lastKnownFileType = sourcecode.swift; path = HomeViewController.swift; sourceTree = "<group>"; };
		2DA1E2C81FD8577300D5B73F /* WebViewController.swift */ = {isa = PBXFileReference; lastKnownFileType = sourcecode.swift; path = WebViewController.swift; sourceTree = "<group>"; };
		2DAA258E1FE2D34B006D7DEB /* PersonalInfoVC.swift */ = {isa = PBXFileReference; lastKnownFileType = sourcecode.swift; path = PersonalInfoVC.swift; sourceTree = "<group>"; };
		2DAA25901FE2DA50006D7DEB /* EmploymentInfoVC.swift */ = {isa = PBXFileReference; lastKnownFileType = sourcecode.swift; path = EmploymentInfoVC.swift; sourceTree = "<group>"; };
		2DAA25921FE2DA83006D7DEB /* AdditionalInfoVC.swift */ = {isa = PBXFileReference; lastKnownFileType = sourcecode.swift; path = AdditionalInfoVC.swift; sourceTree = "<group>"; };
		2DAA25941FE2DA93006D7DEB /* GettingMoneyVC.swift */ = {isa = PBXFileReference; lastKnownFileType = sourcecode.swift; path = GettingMoneyVC.swift; sourceTree = "<group>"; };
		2DAA25961FE2DAA2006D7DEB /* DocumentScanVC.swift */ = {isa = PBXFileReference; lastKnownFileType = sourcecode.swift; path = DocumentScanVC.swift; sourceTree = "<group>"; };
		2DAA25981FE2DAB8006D7DEB /* FinishedVC.swift */ = {isa = PBXFileReference; lastKnownFileType = sourcecode.swift; path = FinishedVC.swift; sourceTree = "<group>"; };
		2DAE3036200B058B002542C5 /* home.html */ = {isa = PBXFileReference; fileEncoding = 4; lastKnownFileType = text.html; path = home.html; sourceTree = "<group>"; };
		2DAE3038200B0C62002542C5 /* apply-for-loan.html */ = {isa = PBXFileReference; fileEncoding = 4; lastKnownFileType = text.html; path = "apply-for-loan.html"; sourceTree = "<group>"; };
		2DAE303B200B10B0002542C5 /* JUNEBUG.TTF */ = {isa = PBXFileReference; lastKnownFileType = file; path = JUNEBUG.TTF; sourceTree = "<group>"; };
		2DAE303D200B1262002542C5 /* about.html */ = {isa = PBXFileReference; fileEncoding = 4; lastKnownFileType = text.html; path = about.html; sourceTree = "<group>"; };
		2DAE3043200B175D002542C5 /* about_mm.html */ = {isa = PBXFileReference; fileEncoding = 4; lastKnownFileType = text.html; path = about_mm.html; sourceTree = "<group>"; };
		2DAE3045200B351C002542C5 /* financialliteracy.html */ = {isa = PBXFileReference; fileEncoding = 4; lastKnownFileType = text.html; path = financialliteracy.html; sourceTree = "<group>"; };
		2DAE3047200B3953002542C5 /* html.strings */ = {isa = PBXFileReference; lastKnownFileType = text.plist.strings; path = html.strings; sourceTree = "<group>"; };
		2DAE304B200B6EB5002542C5 /* apply-for-loan_mm.html */ = {isa = PBXFileReference; fileEncoding = 4; lastKnownFileType = text.html; path = "apply-for-loan_mm.html"; sourceTree = "<group>"; };
		2DAE304D200B7986002542C5 /* prolongation_mm.html */ = {isa = PBXFileReference; fileEncoding = 4; lastKnownFileType = text.html; path = prolongation_mm.html; sourceTree = "<group>"; };
		2DAE304E200B7987002542C5 /* prolongation.html */ = {isa = PBXFileReference; fileEncoding = 4; lastKnownFileType = text.html; path = prolongation.html; sourceTree = "<group>"; };
		2DAE3051200B7C09002542C5 /* loan-repayment_mm.html */ = {isa = PBXFileReference; fileEncoding = 4; lastKnownFileType = text.html; path = "loan-repayment_mm.html"; sourceTree = "<group>"; };
		2DAE3052200B7C09002542C5 /* loan-repayment.html */ = {isa = PBXFileReference; fileEncoding = 4; lastKnownFileType = text.html; path = "loan-repayment.html"; sourceTree = "<group>"; };
		2DAE3055200B7D5E002542C5 /* faq.html */ = {isa = PBXFileReference; fileEncoding = 4; lastKnownFileType = text.html; path = faq.html; sourceTree = "<group>"; };
		2DAE3056200B7D5F002542C5 /* faq_mm.html */ = {isa = PBXFileReference; fileEncoding = 4; lastKnownFileType = text.html; path = faq_mm.html; sourceTree = "<group>"; };
		2DAE3059200B7EAF002542C5 /* contact-us_mm.html */ = {isa = PBXFileReference; fileEncoding = 4; lastKnownFileType = text.html; path = "contact-us_mm.html"; sourceTree = "<group>"; };
		2DAE305A200B7EB0002542C5 /* contact-us.html */ = {isa = PBXFileReference; fileEncoding = 4; lastKnownFileType = text.html; path = "contact-us.html"; sourceTree = "<group>"; };
		2DAE305D200B7FEA002542C5 /* career.html */ = {isa = PBXFileReference; fileEncoding = 4; lastKnownFileType = text.html; path = career.html; sourceTree = "<group>"; };
		2DAE305E200B7FEA002542C5 /* career_mm.html */ = {isa = PBXFileReference; fileEncoding = 4; lastKnownFileType = text.html; path = career_mm.html; sourceTree = "<group>"; };
		2DAE3061200B8123002542C5 /* investors.html */ = {isa = PBXFileReference; fileEncoding = 4; lastKnownFileType = text.html; path = investors.html; sourceTree = "<group>"; };
		2DBB959F20052F010020FC41 /* my */ = {isa = PBXFileReference; lastKnownFileType = text.plist.strings; name = my; path = my.lproj/Localizable.strings; sourceTree = "<group>"; };
		2DBB95A120052F0A0020FC41 /* Base */ = {isa = PBXFileReference; lastKnownFileType = text.plist.strings; name = Base; path = Base.lproj/Localizable.strings; sourceTree = "<group>"; };
		2DBB95A22005304E0020FC41 /* Zawgyi.ttf */ = {isa = PBXFileReference; lastKnownFileType = file; path = Zawgyi.ttf; sourceTree = "<group>"; };
		2DBB95A5200531850020FC41 /* Base */ = {isa = PBXFileReference; lastKnownFileType = file.storyboard; name = Base; path = Base.lproj/Info.storyboard; sourceTree = "<group>"; };
		2DBB95A92005319E0020FC41 /* my */ = {isa = PBXFileReference; lastKnownFileType = file.storyboard; name = my; path = my.lproj/Info.storyboard; sourceTree = "<group>"; };
		2DCCA2B11FE4CDD4002F40E7 /* APIConstants.swift */ = {isa = PBXFileReference; lastKnownFileType = sourcecode.swift; path = APIConstants.swift; sourceTree = "<group>"; };
		2DCCA2B31FE4CDE1002F40E7 /* APIManager.swift */ = {isa = PBXFileReference; lastKnownFileType = sourcecode.swift; path = APIManager.swift; sourceTree = "<group>"; };
		A868F5C77F0E3F251E344B49 /* Pods_MicroMoney.framework */ = {isa = PBXFileReference; explicitFileType = wrapper.framework; includeInIndex = 0; path = Pods_MicroMoney.framework; sourceTree = BUILT_PRODUCTS_DIR; };
		C663F31E7DD6A39D180FA7FB /* Pods-MicroMoney.debug.xcconfig */ = {isa = PBXFileReference; includeInIndex = 1; lastKnownFileType = text.xcconfig; name = "Pods-MicroMoney.debug.xcconfig"; path = "Pods/Target Support Files/Pods-MicroMoney/Pods-MicroMoney.debug.xcconfig"; sourceTree = "<group>"; };
		D30BEBA0FCB6A7391B599FCA /* Pods-MicroMoney.stagin.xcconfig */ = {isa = PBXFileReference; includeInIndex = 1; lastKnownFileType = text.xcconfig; name = "Pods-MicroMoney.stagin.xcconfig"; path = "Pods/Target Support Files/Pods-MicroMoney/Pods-MicroMoney.stagin.xcconfig"; sourceTree = "<group>"; };
/* End PBXFileReference section */

/* Begin PBXFrameworksBuildPhase section */
		2D43DE491FD2505000DA9818 /* Frameworks */ = {
			isa = PBXFrameworksBuildPhase;
			buildActionMask = 2147483647;
			files = (
				8364191B6DB85D19595EC247 /* Pods_MicroMoney.framework in Frameworks */,
			);
			runOnlyForDeploymentPostprocessing = 0;
		};
/* End PBXFrameworksBuildPhase section */

/* Begin PBXGroup section */
		2D1D5E4E1FD5B8150065EA76 /* Xibs */ = {
			isa = PBXGroup;
			children = (
				2D1D5E4A1FD5B80A0065EA76 /* HomeCell.swift */,
				2D1D5E4B1FD5B80A0065EA76 /* HomeCell.xib */,
			);
			path = Xibs;
			sourceTree = "<group>";
		};
		2D43DE431FD2505000DA9818 = {
			isa = PBXGroup;
			children = (
				2D5D598820051FB0009ADDE7 /* Info.strings */,
				2DBB95A020052F010020FC41 /* Localizable.strings */,
				2D43DE4E1FD2505000DA9818 /* MicroMoney */,
				2D43DE4D1FD2505000DA9818 /* Products */,
				635A2F34459387FFC4642392 /* Pods */,
				F518B441D4F7FA4E8C5ADFE1 /* Frameworks */,
			);
			sourceTree = "<group>";
		};
		2D43DE4D1FD2505000DA9818 /* Products */ = {
			isa = PBXGroup;
			children = (
				2D43DE4C1FD2505000DA9818 /* MicroMoney.app */,
			);
			name = Products;
			sourceTree = "<group>";
		};
		2D43DE4E1FD2505000DA9818 /* MicroMoney */ = {
			isa = PBXGroup;
			children = (
				2D62E0AB2006663300474ECD /* Slide Menu */,
				2D43DE5B1FD2505000DA9818 /* Info.plist */,
				2D886F191FE67FD50078631D /* UI */,
				2D886F181FE67FA90078631D /* Models */,
				2D886F171FE67F6B0078631D /* Resource */,
				2DCCA2B01FE4CDBC002F40E7 /* API */,
				2DAA258C1FE2D30C006D7DEB /* Loan Steps */,
				2DA1E2AD1FD7A62000D5B73F /* Nibs */,
				2DA1E2C71FD850BC00D5B73F /* ViewControllers */,
				2D1D5E4E1FD5B8150065EA76 /* Xibs */,
			);
			path = MicroMoney;
			sourceTree = "<group>";
		};
		2D62E0AB2006663300474ECD /* Slide Menu */ = {
			isa = PBXGroup;
			children = (
				2D62E0AC200666AB00474ECD /* SlideContaierVC.swift */,
				2D62E0AD200666AC00474ECD /* SlideMenuVC.swift */,
			);
			path = "Slide Menu";
			sourceTree = "<group>";
		};
		2D886F171FE67F6B0078631D /* Resource */ = {
			isa = PBXGroup;
			children = (
				2DAE3035200B0579002542C5 /* HTML */,
				2DBB95A22005304E0020FC41 /* Zawgyi.ttf */,
				2D43DE4F1FD2505000DA9818 /* AppDelegate.swift */,
				2D43DE531FD2505000DA9818 /* Main.storyboard */,
				2D43DE581FD2505000DA9818 /* LaunchScreen.storyboard */,
				2D886F1C1FE682C20078631D /* Assets.xcassets */,
			);
			path = Resource;
			sourceTree = "<group>";
		};
		2D886F181FE67FA90078631D /* Models */ = {
			isa = PBXGroup;
			children = (
				2DA1E2BE1FD83E1600D5B73F /* Extensions.swift */,
				2D1E98F0201F96C900C48345 /* PhoneContacts.swift */,
				2D99D9531FEFC45600827F62 /* User.swift */,
				2D99D9551FF0069D00827F62 /* Utlities.swift */,
			);
			path = Models;
			sourceTree = "<group>";
		};
		2D886F191FE67FD50078631D /* UI */ = {
			isa = PBXGroup;
			children = (
				2D886F1A1FE67FF40078631D /* DesignableSlider.swift */,
				2D5D598220022B69009ADDE7 /* DesignableView.swift */,
			);
			path = UI;
			sourceTree = "<group>";
		};
		2D886F1E1FE690660078631D /* InfoVCs */ = {
			isa = PBXGroup;
			children = (
				2D886F331FE6B2F20078631D /* Xibs */,
				2D886F1F1FE690870078631D /* AboutMicroMoney.swift */,
				2D886F211FE690F90078631D /* FinancialLiteracy.swift */,
				2D886F231FE691170078631D /* ApplyOnline.swift */,
				2D886F251FE691270078631D /* Prolongation.swift */,
				2D886F271FE6914D0078631D /* CashRepayment.swift */,
				2D886F291FE691590078631D /* FAQs.swift */,
				2D886F2B1FE6916C0078631D /* ContactUs.swift */,
				2D886F2D1FE691830078631D /* Carrers.swift */,
				2D886F2F1FE6918E0078631D /* TokenSale.swift */,
				2DBB95A6200531850020FC41 /* Info.storyboard */,
				2D3FFDE22009ECBD001EDA47 /* Info.strings */,
			);
			path = InfoVCs;
			sourceTree = "<group>";
		};
		2D886F331FE6B2F20078631D /* Xibs */ = {
			isa = PBXGroup;
			children = (
				2D886F341FE6B2FA0078631D /* AboutMicroMoney */,
			);
			path = Xibs;
			sourceTree = "<group>";
		};
		2D886F341FE6B2FA0078631D /* AboutMicroMoney */ = {
			isa = PBXGroup;
			children = (
				2D886F351FE6B36B0078631D /* AboutFirstSectionCell.swift */,
				2D886F361FE6B36B0078631D /* AboutFirstSectionCell.xib */,
				2D886F391FE6B3840078631D /* AboutSecondSectionCell.swift */,
				2D886F3A1FE6B3840078631D /* AboutSecondSectionCell.xib */,
				2D886F3D1FE6B3990078631D /* AboutThirdSectionCell.swift */,
				2D886F3E1FE6B3990078631D /* AboutThirdSectionCell.xib */,
			);
			path = AboutMicroMoney;
			sourceTree = "<group>";
		};
		2DA1E2AD1FD7A62000D5B73F /* Nibs */ = {
			isa = PBXGroup;
			children = (
				2DA1E2C21FD84C9700D5B73F /* Menu */,
				2DA1E2AE1FD7A72200D5B73F /* LoanStepCell.swift */,
				2DA1E2AF1FD7A72200D5B73F /* LoanStepCell.xib */,
				2DA1E2B41FD7A78200D5B73F /* LoanAdvanceCell.swift */,
				2DA1E2B51FD7A78200D5B73F /* LoanAdvanceCell.xib */,
				2DA1E2BA1FD7FC1A00D5B73F /* LoanHeaderView.swift */,
				2DA1E2BB1FD7FC1A00D5B73F /* LoanHeaderView.xib */,
			);
			path = Nibs;
			sourceTree = "<group>";
		};
		2DA1E2C21FD84C9700D5B73F /* Menu */ = {
			isa = PBXGroup;
			children = (
				2DA1E2C31FD84CAC00D5B73F /* MenuCell.swift */,
			);
			path = Menu;
			sourceTree = "<group>";
		};
		2DA1E2C71FD850BC00D5B73F /* ViewControllers */ = {
			isa = PBXGroup;
			children = (
				2D886F1E1FE690660078631D /* InfoVCs */,
				2D43DE511FD2505000DA9818 /* ViewController.swift */,
				2DA1E2B81FD7AC1C00D5B73F /* InfoViewController.swift */,
				2DA1E2C51FD850B300D5B73F /* HomeViewController.swift */,
				2DA1E2C01FD84B6400D5B73F /* MenuTableVC.swift */,
				2DA1E2C81FD8577300D5B73F /* WebViewController.swift */,
			);
			path = ViewControllers;
			sourceTree = "<group>";
		};
		2DAA258C1FE2D30C006D7DEB /* Loan Steps */ = {
			isa = PBXGroup;
			children = (
				2DAA258E1FE2D34B006D7DEB /* PersonalInfoVC.swift */,
				2DAA25901FE2DA50006D7DEB /* EmploymentInfoVC.swift */,
				2DAA25921FE2DA83006D7DEB /* AdditionalInfoVC.swift */,
				2DAA25941FE2DA93006D7DEB /* GettingMoneyVC.swift */,
				2DAA25961FE2DAA2006D7DEB /* DocumentScanVC.swift */,
				2DAA25981FE2DAB8006D7DEB /* FinishedVC.swift */,
				2D8644FC1FF80B8300630978 /* CameraHandler.swift */,
				2D3FFDE5200A0440001EDA47 /* LoanSteps.strings */,
			);
			path = "Loan Steps";
			sourceTree = "<group>";
		};
		2DAE3035200B0579002542C5 /* HTML */ = {
			isa = PBXGroup;
			children = (
				2DAE305E200B7FEA002542C5 /* career_mm.html */,
				2DAE3061200B8123002542C5 /* investors.html */,
				2DAE305D200B7FEA002542C5 /* career.html */,
				2DAE3059200B7EAF002542C5 /* contact-us_mm.html */,
				2DAE305A200B7EB0002542C5 /* contact-us.html */,
				2DAE3051200B7C09002542C5 /* loan-repayment_mm.html */,
				2DAE3055200B7D5E002542C5 /* faq.html */,
				2DAE3056200B7D5F002542C5 /* faq_mm.html */,
				2DAE3052200B7C09002542C5 /* loan-repayment.html */,
				2DAE304D200B7986002542C5 /* prolongation_mm.html */,
				2DAE304E200B7987002542C5 /* prolongation.html */,
				2DAE3036200B058B002542C5 /* home.html */,
				2DAE3045200B351C002542C5 /* financialliteracy.html */,
				2DAE304B200B6EB5002542C5 /* apply-for-loan_mm.html */,
				2DAE3038200B0C62002542C5 /* apply-for-loan.html */,
				2DAE303D200B1262002542C5 /* about.html */,
				2DAE3043200B175D002542C5 /* about_mm.html */,
				2DAE303B200B10B0002542C5 /* JUNEBUG.TTF */,
				2DAE3047200B3953002542C5 /* html.strings */,
			);
			path = HTML;
			sourceTree = "<group>";
		};
		2DCCA2B01FE4CDBC002F40E7 /* API */ = {
			isa = PBXGroup;
			children = (
				2DCCA2B11FE4CDD4002F40E7 /* APIConstants.swift */,
				2DCCA2B31FE4CDE1002F40E7 /* APIManager.swift */,
			);
			path = API;
			sourceTree = "<group>";
		};
		635A2F34459387FFC4642392 /* Pods */ = {
			isa = PBXGroup;
			children = (
				C663F31E7DD6A39D180FA7FB /* Pods-MicroMoney.debug.xcconfig */,
				D30BEBA0FCB6A7391B599FCA /* Pods-MicroMoney.stagin.xcconfig */,
				20E378444B4CA215F80852D7 /* Pods-MicroMoney.release.xcconfig */,
			);
			name = Pods;
			sourceTree = "<group>";
		};
		F518B441D4F7FA4E8C5ADFE1 /* Frameworks */ = {
			isa = PBXGroup;
			children = (
				A868F5C77F0E3F251E344B49 /* Pods_MicroMoney.framework */,
			);
			name = Frameworks;
			sourceTree = "<group>";
		};
/* End PBXGroup section */

/* Begin PBXNativeTarget section */
		2D43DE4B1FD2505000DA9818 /* MicroMoney */ = {
			isa = PBXNativeTarget;
			buildConfigurationList = 2D43DE5E1FD2505000DA9818 /* Build configuration list for PBXNativeTarget "MicroMoney" */;
			buildPhases = (
				F88534ECBF537F37F742BF7F /* [CP] Check Pods Manifest.lock */,
				2D43DE481FD2505000DA9818 /* Sources */,
				2D43DE491FD2505000DA9818 /* Frameworks */,
				2D43DE4A1FD2505000DA9818 /* Resources */,
				20C8A317B882A61B1A350639 /* [CP] Embed Pods Frameworks */,
				7BE98D849CCDBE2062E7E3D1 /* [CP] Copy Pods Resources */,
			);
			buildRules = (
			);
			dependencies = (
			);
			name = MicroMoney;
			productName = MicroMoney;
			productReference = 2D43DE4C1FD2505000DA9818 /* MicroMoney.app */;
			productType = "com.apple.product-type.application";
		};
/* End PBXNativeTarget section */

/* Begin PBXProject section */
		2D43DE441FD2505000DA9818 /* Project object */ = {
			isa = PBXProject;
			attributes = {
				LastSwiftUpdateCheck = 0900;
				LastUpgradeCheck = 0900;
				ORGANIZATIONNAME = "Coco Xtet Pai";
				TargetAttributes = {
					2D43DE4B1FD2505000DA9818 = {
						CreatedOnToolsVersion = 9.0;
						ProvisioningStyle = Automatic;
					};
				};
			};
			buildConfigurationList = 2D43DE471FD2505000DA9818 /* Build configuration list for PBXProject "MicroMoney" */;
			compatibilityVersion = "Xcode 8.0";
			developmentRegion = en;
			hasScannedForEncodings = 0;
			knownRegions = (
				en,
				Base,
				my,
				th,
				id,
				"ta-LK",
				"yo-NG",
				fil,
			);
			mainGroup = 2D43DE431FD2505000DA9818;
			productRefGroup = 2D43DE4D1FD2505000DA9818 /* Products */;
			projectDirPath = "";
			projectRoot = "";
			targets = (
				2D43DE4B1FD2505000DA9818 /* MicroMoney */,
			);
		};
/* End PBXProject section */

/* Begin PBXResourcesBuildPhase section */
		2D43DE4A1FD2505000DA9818 /* Resources */ = {
			isa = PBXResourcesBuildPhase;
			buildActionMask = 2147483647;
			files = (
				2DAE303C200B10B0002542C5 /* JUNEBUG.TTF in Resources */,
				2DBB95A3200530940020FC41 /* Zawgyi.ttf in Resources */,
				2D886F401FE6B3990078631D /* AboutThirdSectionCell.xib in Resources */,
				2DAE304C200B6EB5002542C5 /* apply-for-loan_mm.html in Resources */,
				2DAE3048200B3953002542C5 /* html.strings in Resources */,
				2D3FFDE6200A0440001EDA47 /* LoanSteps.strings in Resources */,
				2DBB959E20052F010020FC41 /* Localizable.strings in Resources */,
				2DA1E2B71FD7A78200D5B73F /* LoanAdvanceCell.xib in Resources */,
				2D43DE5A1FD2505000DA9818 /* LaunchScreen.storyboard in Resources */,
				2D886F381FE6B36B0078631D /* AboutFirstSectionCell.xib in Resources */,
				2DAE3044200B175D002542C5 /* about_mm.html in Resources */,
				2DAE303E200B1263002542C5 /* about.html in Resources */,
				2DAE304F200B7987002542C5 /* prolongation_mm.html in Resources */,
				2DBB95A4200531850020FC41 /* Info.storyboard in Resources */,
				2DA1E2BD1FD7FC1A00D5B73F /* LoanHeaderView.xib in Resources */,
				2DAE3037200B058B002542C5 /* home.html in Resources */,
				2DAE3060200B7FEB002542C5 /* career_mm.html in Resources */,
				2D886F3C1FE6B3840078631D /* AboutSecondSectionCell.xib in Resources */,
				2D1D5E4D1FD5B80A0065EA76 /* HomeCell.xib in Resources */,
				2DAE3054200B7C0A002542C5 /* loan-repayment.html in Resources */,
				2DAE305C200B7EB0002542C5 /* contact-us.html in Resources */,
				2D5D598920051FB0009ADDE7 /* Info.strings in Resources */,
				2D886F1D1FE682C30078631D /* Assets.xcassets in Resources */,
				2DAE3062200B8123002542C5 /* investors.html in Resources */,
				2DAE305B200B7EB0002542C5 /* contact-us_mm.html in Resources */,
				2DAE3050200B7987002542C5 /* prolongation.html in Resources */,
				2DAE3053200B7C0A002542C5 /* loan-repayment_mm.html in Resources */,
				2DAE3057200B7D5F002542C5 /* faq.html in Resources */,
				2DAE3058200B7D5F002542C5 /* faq_mm.html in Resources */,
				2DAE305F200B7FEB002542C5 /* career.html in Resources */,
				2DAE3046200B351C002542C5 /* financialliteracy.html in Resources */,
				2D3FFDE02009ECBD001EDA47 /* Info.strings in Resources */,
				2DAE3039200B0C63002542C5 /* apply-for-loan.html in Resources */,
				2DA1E2B11FD7A72200D5B73F /* LoanStepCell.xib in Resources */,
				2D43DE551FD2505000DA9818 /* Main.storyboard in Resources */,
			);
			runOnlyForDeploymentPostprocessing = 0;
		};
/* End PBXResourcesBuildPhase section */

/* Begin PBXShellScriptBuildPhase section */
		20C8A317B882A61B1A350639 /* [CP] Embed Pods Frameworks */ = {
			isa = PBXShellScriptBuildPhase;
			buildActionMask = 2147483647;
			files = (
			);
			inputPaths = (
				"${SRCROOT}/Pods/Target Support Files/Pods-MicroMoney/Pods-MicroMoney-frameworks.sh",
				"${BUILT_PRODUCTS_DIR}/Alamofire/Alamofire.framework",
				"${BUILT_PRODUCTS_DIR}/Alamofire-SwiftyJSON/Alamofire_SwiftyJSON.framework",
				"${BUILT_PRODUCTS_DIR}/Bolts/Bolts.framework",
				"${BUILT_PRODUCTS_DIR}/FBSDKCoreKit/FBSDKCoreKit.framework",
				"${BUILT_PRODUCTS_DIR}/FBSDKLoginKit/FBSDKLoginKit.framework",
				"${BUILT_PRODUCTS_DIR}/Localize-Swift/Localize_Swift.framework",
				"${BUILT_PRODUCTS_DIR}/SwiftyJSON/SwiftyJSON.framework",
			);
			name = "[CP] Embed Pods Frameworks";
			outputPaths = (
				"${TARGET_BUILD_DIR}/${FRAMEWORKS_FOLDER_PATH}/Alamofire.framework",
				"${TARGET_BUILD_DIR}/${FRAMEWORKS_FOLDER_PATH}/Alamofire_SwiftyJSON.framework",
				"${TARGET_BUILD_DIR}/${FRAMEWORKS_FOLDER_PATH}/Bolts.framework",
				"${TARGET_BUILD_DIR}/${FRAMEWORKS_FOLDER_PATH}/FBSDKCoreKit.framework",
				"${TARGET_BUILD_DIR}/${FRAMEWORKS_FOLDER_PATH}/FBSDKLoginKit.framework",
				"${TARGET_BUILD_DIR}/${FRAMEWORKS_FOLDER_PATH}/Localize_Swift.framework",
				"${TARGET_BUILD_DIR}/${FRAMEWORKS_FOLDER_PATH}/SwiftyJSON.framework",
			);
			runOnlyForDeploymentPostprocessing = 0;
			shellPath = /bin/sh;
			shellScript = "\"${SRCROOT}/Pods/Target Support Files/Pods-MicroMoney/Pods-MicroMoney-frameworks.sh\"\n";
			showEnvVarsInLog = 0;
		};
		7BE98D849CCDBE2062E7E3D1 /* [CP] Copy Pods Resources */ = {
			isa = PBXShellScriptBuildPhase;
			buildActionMask = 2147483647;
			files = (
			);
			inputPaths = (
			);
			name = "[CP] Copy Pods Resources";
			outputPaths = (
			);
			runOnlyForDeploymentPostprocessing = 0;
			shellPath = /bin/sh;
			shellScript = "\"${SRCROOT}/Pods/Target Support Files/Pods-MicroMoney/Pods-MicroMoney-resources.sh\"\n";
			showEnvVarsInLog = 0;
		};
		F88534ECBF537F37F742BF7F /* [CP] Check Pods Manifest.lock */ = {
			isa = PBXShellScriptBuildPhase;
			buildActionMask = 2147483647;
			files = (
			);
			inputPaths = (
				"${PODS_PODFILE_DIR_PATH}/Podfile.lock",
				"${PODS_ROOT}/Manifest.lock",
			);
			name = "[CP] Check Pods Manifest.lock";
			outputPaths = (
				"$(DERIVED_FILE_DIR)/Pods-MicroMoney-checkManifestLockResult.txt",
			);
			runOnlyForDeploymentPostprocessing = 0;
			shellPath = /bin/sh;
			shellScript = "diff \"${PODS_PODFILE_DIR_PATH}/Podfile.lock\" \"${PODS_ROOT}/Manifest.lock\" > /dev/null\nif [ $? != 0 ] ; then\n    # print error to STDERR\n    echo \"error: The sandbox is not in sync with the Podfile.lock. Run 'pod install' or update your CocoaPods installation.\" >&2\n    exit 1\nfi\n# This output is used by Xcode 'outputs' to avoid re-running this script phase.\necho \"SUCCESS\" > \"${SCRIPT_OUTPUT_FILE_0}\"\n";
			showEnvVarsInLog = 0;
		};
/* End PBXShellScriptBuildPhase section */

/* Begin PBXSourcesBuildPhase section */
		2D43DE481FD2505000DA9818 /* Sources */ = {
			isa = PBXSourcesBuildPhase;
			buildActionMask = 2147483647;
			files = (
				2D886F261FE691270078631D /* Prolongation.swift in Sources */,
				2DA1E2BC1FD7FC1A00D5B73F /* LoanHeaderView.swift in Sources */,
				2DA1E2C11FD84B6400D5B73F /* MenuTableVC.swift in Sources */,
				2D886F3B1FE6B3840078631D /* AboutSecondSectionCell.swift in Sources */,
				2DAA25951FE2DA93006D7DEB /* GettingMoneyVC.swift in Sources */,
				2D62E0AE200666AC00474ECD /* SlideContaierVC.swift in Sources */,
				2DAA25911FE2DA50006D7DEB /* EmploymentInfoVC.swift in Sources */,
				2D1E98F1201F96C900C48345 /* PhoneContacts.swift in Sources */,
				2D43DE521FD2505000DA9818 /* ViewController.swift in Sources */,
				2D886F201FE690870078631D /* AboutMicroMoney.swift in Sources */,
				2DCCA2B21FE4CDD4002F40E7 /* APIConstants.swift in Sources */,
				2D886F2E1FE691830078631D /* Carrers.swift in Sources */,
				2DA1E2B61FD7A78200D5B73F /* LoanAdvanceCell.swift in Sources */,
				2DA1E2BF1FD83E1600D5B73F /* Extensions.swift in Sources */,
				2D1D5E4C1FD5B80A0065EA76 /* HomeCell.swift in Sources */,
				2DA1E2C41FD84CAC00D5B73F /* MenuCell.swift in Sources */,
				2DAA25931FE2DA83006D7DEB /* AdditionalInfoVC.swift in Sources */,
				2DA1E2C91FD8577300D5B73F /* WebViewController.swift in Sources */,
				2DCCA2B41FE4CDE1002F40E7 /* APIManager.swift in Sources */,
				2D5D598320022B69009ADDE7 /* DesignableView.swift in Sources */,
				2DAA258F1FE2D34B006D7DEB /* PersonalInfoVC.swift in Sources */,
				2D886F281FE6914D0078631D /* CashRepayment.swift in Sources */,
				2DAA25971FE2DAA2006D7DEB /* DocumentScanVC.swift in Sources */,
				2D886F2C1FE6916C0078631D /* ContactUs.swift in Sources */,
				2DA1E2C61FD850B300D5B73F /* HomeViewController.swift in Sources */,
				2D886F221FE690F90078631D /* FinancialLiteracy.swift in Sources */,
				2DAA25991FE2DAB8006D7DEB /* FinishedVC.swift in Sources */,
				2D99D9541FEFC45600827F62 /* User.swift in Sources */,
				2D886F371FE6B36B0078631D /* AboutFirstSectionCell.swift in Sources */,
				2D43DE501FD2505000DA9818 /* AppDelegate.swift in Sources */,
				2DA1E2B91FD7AC1C00D5B73F /* InfoViewController.swift in Sources */,
				2D886F1B1FE67FF40078631D /* DesignableSlider.swift in Sources */,
				2D99D9561FF0069D00827F62 /* Utlities.swift in Sources */,
				2DA1E2B01FD7A72200D5B73F /* LoanStepCell.swift in Sources */,
				2D886F2A1FE691590078631D /* FAQs.swift in Sources */,
				2D886F301FE6918E0078631D /* TokenSale.swift in Sources */,
				2D8644FD1FF80B8300630978 /* CameraHandler.swift in Sources */,
				2D886F3F1FE6B3990078631D /* AboutThirdSectionCell.swift in Sources */,
				2D62E0AF200666AC00474ECD /* SlideMenuVC.swift in Sources */,
				2D886F241FE691170078631D /* ApplyOnline.swift in Sources */,
			);
			runOnlyForDeploymentPostprocessing = 0;
		};
/* End PBXSourcesBuildPhase section */

/* Begin PBXVariantGroup section */
		2D3FFDE22009ECBD001EDA47 /* Info.strings */ = {
			isa = PBXVariantGroup;
			children = (
				2D3FFDE12009ECBD001EDA47 /* en */,
				2D3FFDE42009ED87001EDA47 /* my */,
			);
			name = Info.strings;
			sourceTree = "<group>";
		};
		2D43DE531FD2505000DA9818 /* Main.storyboard */ = {
			isa = PBXVariantGroup;
			children = (
				2D43DE541FD2505000DA9818 /* Base */,
				2D5D59842003D501009ADDE7 /* my */,
				2D330F6A201C79A900A5D187 /* th */,
				2D330F6E201C79C700A5D187 /* id */,
				2D330F72201C7AAC00A5D187 /* ta-LK */,
				2D330F7A201CC6A600A5D187 /* yo-NG */,
				2D642BC1203B38320035C18D /* fil */,
			);
			name = Main.storyboard;
			sourceTree = "<group>";
		};
		2D43DE581FD2505000DA9818 /* LaunchScreen.storyboard */ = {
			isa = PBXVariantGroup;
			children = (
				2D43DE591FD2505000DA9818 /* Base */,
				2D5D59852003D501009ADDE7 /* my */,
				2D330F6B201C79A900A5D187 /* th */,
				2D330F6F201C79C700A5D187 /* id */,
				2D330F73201C7AAC00A5D187 /* ta-LK */,
				2D330F7B201CC6A700A5D187 /* yo-NG */,
				2D642BC2203B38320035C18D /* fil */,
			);
			name = LaunchScreen.storyboard;
			sourceTree = "<group>";
		};
		2DBB95A020052F010020FC41 /* Localizable.strings */ = {
			isa = PBXVariantGroup;
			children = (
				2DBB959F20052F010020FC41 /* my */,
				2DBB95A120052F0A0020FC41 /* Base */,
				2D330F6D201C79A900A5D187 /* th */,
				2D330F71201C79C800A5D187 /* id */,
				2D330F75201C7AAD00A5D187 /* ta-LK */,
				2D330F7D201CC6A700A5D187 /* yo-NG */,
				2D642BC4203B38330035C18D /* fil */,
			);
			name = Localizable.strings;
			sourceTree = "<group>";
		};
		2DBB95A6200531850020FC41 /* Info.storyboard */ = {
			isa = PBXVariantGroup;
			children = (
				2DBB95A5200531850020FC41 /* Base */,
				2DBB95A92005319E0020FC41 /* my */,
				2D330F6C201C79A900A5D187 /* th */,
				2D330F70201C79C800A5D187 /* id */,
				2D330F74201C7AAD00A5D187 /* ta-LK */,
				2D330F7C201CC6A700A5D187 /* yo-NG */,
				2D642BC3203B38320035C18D /* fil */,
			);
			name = Info.storyboard;
			sourceTree = "<group>";
		};
/* End PBXVariantGroup section */

/* Begin XCBuildConfiguration section */
		2D43DE5C1FD2505000DA9818 /* Debug */ = {
			isa = XCBuildConfiguration;
			buildSettings = {
				ALWAYS_SEARCH_USER_PATHS = NO;
				CLANG_ANALYZER_LOCALIZABILITY_NONLOCALIZED = YES;
				CLANG_ANALYZER_NONNULL = YES;
				CLANG_ANALYZER_NUMBER_OBJECT_CONVERSION = YES_AGGRESSIVE;
				CLANG_CXX_LANGUAGE_STANDARD = "gnu++14";
				CLANG_CXX_LIBRARY = "libc++";
				CLANG_ENABLE_MODULES = YES;
				CLANG_ENABLE_OBJC_ARC = YES;
				CLANG_WARN_BLOCK_CAPTURE_AUTORELEASING = YES;
				CLANG_WARN_BOOL_CONVERSION = YES;
				CLANG_WARN_COMMA = YES;
				CLANG_WARN_CONSTANT_CONVERSION = YES;
				CLANG_WARN_DIRECT_OBJC_ISA_USAGE = YES_ERROR;
				CLANG_WARN_DOCUMENTATION_COMMENTS = YES;
				CLANG_WARN_EMPTY_BODY = YES;
				CLANG_WARN_ENUM_CONVERSION = YES;
				CLANG_WARN_INFINITE_RECURSION = YES;
				CLANG_WARN_INT_CONVERSION = YES;
				CLANG_WARN_NON_LITERAL_NULL_CONVERSION = YES;
				CLANG_WARN_OBJC_LITERAL_CONVERSION = YES;
				CLANG_WARN_OBJC_ROOT_CLASS = YES_ERROR;
				CLANG_WARN_RANGE_LOOP_ANALYSIS = YES;
				CLANG_WARN_STRICT_PROTOTYPES = YES;
				CLANG_WARN_SUSPICIOUS_MOVE = YES;
				CLANG_WARN_UNGUARDED_AVAILABILITY = YES_AGGRESSIVE;
				CLANG_WARN_UNREACHABLE_CODE = YES;
				CLANG_WARN__DUPLICATE_METHOD_MATCH = YES;
				CODE_SIGN_IDENTITY = "iPhone Developer";
				COPY_PHASE_STRIP = NO;
				DEBUG_INFORMATION_FORMAT = dwarf;
				ENABLE_STRICT_OBJC_MSGSEND = YES;
				ENABLE_TESTABILITY = YES;
				GCC_C_LANGUAGE_STANDARD = gnu11;
				GCC_DYNAMIC_NO_PIC = NO;
				GCC_NO_COMMON_BLOCKS = YES;
				GCC_OPTIMIZATION_LEVEL = 0;
				GCC_PREPROCESSOR_DEFINITIONS = (
					"DEBUG=1",
					"$(inherited)",
				);
				GCC_WARN_64_TO_32_BIT_CONVERSION = YES;
				GCC_WARN_ABOUT_RETURN_TYPE = YES_ERROR;
				GCC_WARN_UNDECLARED_SELECTOR = YES;
				GCC_WARN_UNINITIALIZED_AUTOS = YES_AGGRESSIVE;
				GCC_WARN_UNUSED_FUNCTION = YES;
				GCC_WARN_UNUSED_VARIABLE = YES;
				IPHONEOS_DEPLOYMENT_TARGET = 11.0;
				MTL_ENABLE_DEBUG_INFO = YES;
				ONLY_ACTIVE_ARCH = YES;
				SDKROOT = iphoneos;
				SWIFT_ACTIVE_COMPILATION_CONDITIONS = DEBUG;
				SWIFT_OPTIMIZATION_LEVEL = "-Onone";
			};
			name = Debug;
		};
		2D43DE5D1FD2505000DA9818 /* Release */ = {
			isa = XCBuildConfiguration;
			buildSettings = {
				ALWAYS_SEARCH_USER_PATHS = NO;
				CLANG_ANALYZER_LOCALIZABILITY_NONLOCALIZED = YES;
				CLANG_ANALYZER_NONNULL = YES;
				CLANG_ANALYZER_NUMBER_OBJECT_CONVERSION = YES_AGGRESSIVE;
				CLANG_CXX_LANGUAGE_STANDARD = "gnu++14";
				CLANG_CXX_LIBRARY = "libc++";
				CLANG_ENABLE_MODULES = YES;
				CLANG_ENABLE_OBJC_ARC = YES;
				CLANG_WARN_BLOCK_CAPTURE_AUTORELEASING = YES;
				CLANG_WARN_BOOL_CONVERSION = YES;
				CLANG_WARN_COMMA = YES;
				CLANG_WARN_CONSTANT_CONVERSION = YES;
				CLANG_WARN_DIRECT_OBJC_ISA_USAGE = YES_ERROR;
				CLANG_WARN_DOCUMENTATION_COMMENTS = YES;
				CLANG_WARN_EMPTY_BODY = YES;
				CLANG_WARN_ENUM_CONVERSION = YES;
				CLANG_WARN_INFINITE_RECURSION = YES;
				CLANG_WARN_INT_CONVERSION = YES;
				CLANG_WARN_NON_LITERAL_NULL_CONVERSION = YES;
				CLANG_WARN_OBJC_LITERAL_CONVERSION = YES;
				CLANG_WARN_OBJC_ROOT_CLASS = YES_ERROR;
				CLANG_WARN_RANGE_LOOP_ANALYSIS = YES;
				CLANG_WARN_STRICT_PROTOTYPES = YES;
				CLANG_WARN_SUSPICIOUS_MOVE = YES;
				CLANG_WARN_UNGUARDED_AVAILABILITY = YES_AGGRESSIVE;
				CLANG_WARN_UNREACHABLE_CODE = YES;
				CLANG_WARN__DUPLICATE_METHOD_MATCH = YES;
				CODE_SIGN_IDENTITY = "iPhone Developer";
				COPY_PHASE_STRIP = NO;
				DEBUG_INFORMATION_FORMAT = "dwarf-with-dsym";
				ENABLE_NS_ASSERTIONS = NO;
				ENABLE_STRICT_OBJC_MSGSEND = YES;
				GCC_C_LANGUAGE_STANDARD = gnu11;
				GCC_NO_COMMON_BLOCKS = YES;
				GCC_WARN_64_TO_32_BIT_CONVERSION = YES;
				GCC_WARN_ABOUT_RETURN_TYPE = YES_ERROR;
				GCC_WARN_UNDECLARED_SELECTOR = YES;
				GCC_WARN_UNINITIALIZED_AUTOS = YES_AGGRESSIVE;
				GCC_WARN_UNUSED_FUNCTION = YES;
				GCC_WARN_UNUSED_VARIABLE = YES;
				IPHONEOS_DEPLOYMENT_TARGET = 11.0;
				MTL_ENABLE_DEBUG_INFO = NO;
				SDKROOT = iphoneos;
				SWIFT_OPTIMIZATION_LEVEL = "-Owholemodule";
				VALIDATE_PRODUCT = YES;
			};
			name = Release;
		};
		2D43DE5F1FD2505000DA9818 /* Debug */ = {
			isa = XCBuildConfiguration;
			baseConfigurationReference = C663F31E7DD6A39D180FA7FB /* Pods-MicroMoney.debug.xcconfig */;
			buildSettings = {
				ASSETCATALOG_COMPILER_APPICON_NAME = AppIcon;
				"CODE_SIGN_IDENTITY[sdk=iphoneos*]" = "iPhone Developer";
				CODE_SIGN_STYLE = Automatic;
				DEVELOPMENT_TEAM = ZTH7M8M8EL;
				INFOPLIST_FILE = MicroMoney/Info.plist;
				IPHONEOS_DEPLOYMENT_TARGET = 9.0;
				LD_RUNPATH_SEARCH_PATHS = "$(inherited) @executable_path/Frameworks";
				PRODUCT_BUNDLE_IDENTIFIER = com.cocoxtetpaii.MicroMoney;
				PRODUCT_NAME = "$(TARGET_NAME)";
				PROVISIONING_PROFILE_SPECIFIER = "";
				SWIFT_VERSION = 4.0;
				TARGETED_DEVICE_FAMILY = 1;
				VALIDATE_PRODUCT = YES;
			};
			name = Debug;
		};
		2D43DE601FD2505000DA9818 /* Release */ = {
			isa = XCBuildConfiguration;
			baseConfigurationReference = 20E378444B4CA215F80852D7 /* Pods-MicroMoney.release.xcconfig */;
			buildSettings = {
				ASSETCATALOG_COMPILER_APPICON_NAME = AppIcon;
				"CODE_SIGN_IDENTITY[sdk=iphoneos*]" = "iPhone Developer";
				CODE_SIGN_STYLE = Automatic;
				DEVELOPMENT_TEAM = ZTH7M8M8EL;
				INFOPLIST_FILE = MicroMoney/Info.plist;
				IPHONEOS_DEPLOYMENT_TARGET = 9.0;
				LD_RUNPATH_SEARCH_PATHS = "$(inherited) @executable_path/Frameworks";
				PRODUCT_BUNDLE_IDENTIFIER = com.cocoxtetpaii.MicroMoney;
				PRODUCT_NAME = "$(TARGET_NAME)";
				PROVISIONING_PROFILE_SPECIFIER = "";
				SWIFT_VERSION = 4.0;
				TARGETED_DEVICE_FAMILY = 1;
			};
			name = Release;
		};
/* End XCBuildConfiguration section */

/* Begin XCConfigurationList section */
		2D43DE471FD2505000DA9818 /* Build configuration list for PBXProject "MicroMoney" */ = {
			isa = XCConfigurationList;
			buildConfigurations = (
				2D43DE5C1FD2505000DA9818 /* Debug */,
				2D43DE5D1FD2505000DA9818 /* Release */,
			);
			defaultConfigurationIsVisible = 0;
			defaultConfigurationName = Release;
		};
		2D43DE5E1FD2505000DA9818 /* Build configuration list for PBXNativeTarget "MicroMoney" */ = {
			isa = XCConfigurationList;
			buildConfigurations = (
				2D43DE5F1FD2505000DA9818 /* Debug */,
				2D43DE601FD2505000DA9818 /* Release */,
			);
			defaultConfigurationIsVisible = 0;
			defaultConfigurationName = Release;
		};
/* End XCConfigurationList section */
	};
	rootObject = 2D43DE441FD2505000DA9818 /* Project object */;
}
